<?xml version="1.0" encoding="utf-8"?>
<Project ToolsVersion="16.0" xmlns="http://schemas.microsoft.com/developer/msbuild/2003">
  <ItemGroup>
    <ClCompile Include="C:\Users\project1\ece3514-sp21-project1-qianhui373\unit_tests.cpp">
      <Filter>Source Files</Filter>
    </ClCompile>
    <ClCompile Include="C:\Users\project1\ece3514-sp21-project1-qianhui373\test_nintegrate.cpp">
      <Filter>Source Files</Filter>
    </ClCompile>
    <ClCompile Include="C:\Users\project1\ece3514-sp21-project1-qianhui373\nintegrate.cpp">
      <Filter>Source Files</Filter>
    </ClCompile>
  </ItemGroup>
  <ItemGroup>
    <ClInclude Include="C:\Users\project1\ece3514-sp21-project1-qianhui373\catch.hpp">
      <Filter>Header Files</Filter>
    </ClInclude>
  </ItemGroup>
  <ItemGroup>
    <CustomBuild Include="C:\Users\project1\ece3514-sp21-project1-qianhui373\CMakeLists.txt" />
  </ItemGroup>
  <ItemGroup>
    <Filter Include="Header Files">
      <UniqueIdentifier>{114D75A5-A255-3F16-A37B-2A510613275E}</UniqueIdentifier>
    </Filter>
    <Filter Include="Source Files">
      <UniqueIdentifier>{5C6168D6-4305-3836-8458-8D31A11ABD9C}</UniqueIdentifier>
    </Filter>
  </ItemGroup>
</Project>
